
Microsoft Visual Studio Solution File, Format Version 12.00
# Visual Studio Version 17
VisualStudioVersion = 17.8.34330.188
MinimumVisualStudioVersion = 10.0.40219.1
Project("{9A19103F-16F7-4668-BE54-9A1E7A4F7556}") = "Tweetr", "Tweetr\Tweetr.csproj", "{7E89A411-2E23-4874-9DEB-7CAD1EF62077}"
EndProject
Global
	GlobalSection(SolutionConfigurationPlatforms) = preSolution
		Debug|Any CPU = Debug|Any CPU
		Release|Any CPU = Release|Any CPU
	EndGlobalSection
	GlobalSection(ProjectConfigurationPlatforms) = postSolution
		{7E89A411-2E23-4874-9DEB-7CAD1EF62077}.Debug|Any CPU.ActiveCfg = Debug|Any CPU
		{7E89A411-2E23-4874-9DEB-7CAD1EF62077}.Debug|Any CPU.Build.0 = Debug|Any CPU
		{7E89A411-2E23-4874-9DEB-7CAD1EF62077}.Release|Any CPU.ActiveCfg = Release|Any CPU
		{7E89A411-2E23-4874-9DEB-7CAD1EF62077}.Release|Any CPU.Build.0 = Release|Any CPU
	EndGlobalSection
	GlobalSection(SolutionProperties) = preSolution
		HideSolutionNode = FALSE
	EndGlobalSection
	GlobalSection(ExtensibilityGlobals) = postSolution
		SolutionGuid = {F3428F71-C2B7-4F23-B7B5-45E196400126}
	EndGlobalSection
EndGlobal
